
Microsoft Visual Studio Solution File, Format Version 12.00
# Visual Studio Version 16
VisualStudioVersion = 16.0.31019.35
MinimumVisualStudioVersion = 10.0.40219.1
Project("{FAE04EC0-301F-11D3-BF4B-00C04F79EFBC}") = "HotelFA_WCF_Host", "HotelFA_WCF_Host\HotelFA_WCF_Host.csproj", "{F29EC05E-9882-4962-8D3C-24B277E14A5A}"
EndProject
Global
	GlobalSection(SolutionConfigurationPlatforms) = preSolution
		Debug|Any CPU = Debug|Any CPU
		Release|Any CPU = Release|Any CPU
	EndGlobalSection
	GlobalSection(ProjectConfigurationPlatforms) = postSolution
		{F29EC05E-9882-4962-8D3C-24B277E14A5A}.Debug|Any CPU.ActiveCfg = Debug|Any CPU
		{F29EC05E-9882-4962-8D3C-24B277E14A5A}.Debug|Any CPU.Build.0 = Debug|Any CPU
		{F29EC05E-9882-4962-8D3C-24B277E14A5A}.Release|Any CPU.ActiveCfg = Release|Any CPU
		{F29EC05E-9882-4962-8D3C-24B277E14A5A}.Release|Any CPU.Build.0 = Release|Any CPU
	EndGlobalSection
	GlobalSection(SolutionProperties) = preSolution
		HideSolutionNode = FALSE
	EndGlobalSection
	GlobalSection(ExtensibilityGlobals) = postSolution
		SolutionGuid = {3EEAC9B4-F339-4C74-A6E3-1FA3893A6C73}
	EndGlobalSection
EndGlobal
